
Microsoft Visual Studio Solution File, Format Version 12.00
# Visual Studio Version 16
VisualStudioVersion = 16.0.29306.81
MinimumVisualStudioVersion = 10.0.40219.1
Project("{FAE04EC0-301F-11D3-BF4B-00C04F79EFBC}") = "ClearAccount.WebApp", "ClearAccount.WebApp\ClearAccount.WebApp.csproj", "{FECF3507-458A-4A00-A5FB-5304883741AE}"
EndProject
Project("{FAE04EC0-301F-11D3-BF4B-00C04F79EFBC}") = "ClearAccount.BussinessLogicLayer", "ClearAccount.BussinessLogicLayer\ClearAccount.BussinessLogicLayer.csproj", "{C2342C59-78E0-4C14-A3CB-F7AE4AEAD9B3}"
EndProject
Project("{FAE04EC0-301F-11D3-BF4B-00C04F79EFBC}") = "ClearAccount.BussinessEntities", "ClearAccount.BussinessEntities\ClearAccount.BussinessEntities.csproj", "{D0CD3A68-7D33-4670-96F2-3230F4A52114}"
EndProject
Project("{FAE04EC0-301F-11D3-BF4B-00C04F79EFBC}") = "ClearAccounnt.DataAccessLayer", "ClearAccounnt.DataAccessLayer\ClearAccounnt.DataAccessLayer.csproj", "{550F178D-2E99-4FAB-90B7-CE770CEF4844}"
EndProject
Project("{2150E333-8FDC-42A3-9474-1A3956D46DE8}") = "ClearAccount", "ClearAccount", "{2EC9C9EA-3152-4547-83D0-7DC03AB34452}"
EndProject
Project("{2150E333-8FDC-42A3-9474-1A3956D46DE8}") = "BackEnd", "BackEnd", "{485A948F-8CBA-44D9-BFC9-9E43A0834D16}"
EndProject
Project("{2150E333-8FDC-42A3-9474-1A3956D46DE8}") = "FrontEnd", "FrontEnd", "{7B699C19-EDE0-4D71-9084-47126A656CC0}"
EndProject
Project("{FAE04EC0-301F-11D3-BF4B-00C04F79EFBC}") = "ClearAccount.DstkApp", "ClearAccount.DstkApp\ClearAccount.DstkApp.csproj", "{86E1A594-07A6-4224-8ABE-A599400C60D5}"
EndProject
Global
	GlobalSection(SolutionConfigurationPlatforms) = preSolution
		Debug|Any CPU = Debug|Any CPU
		Release|Any CPU = Release|Any CPU
	EndGlobalSection
	GlobalSection(ProjectConfigurationPlatforms) = postSolution
		{FECF3507-458A-4A00-A5FB-5304883741AE}.Debug|Any CPU.ActiveCfg = Debug|Any CPU
		{FECF3507-458A-4A00-A5FB-5304883741AE}.Debug|Any CPU.Build.0 = Debug|Any CPU
		{FECF3507-458A-4A00-A5FB-5304883741AE}.Release|Any CPU.ActiveCfg = Release|Any CPU
		{FECF3507-458A-4A00-A5FB-5304883741AE}.Release|Any CPU.Build.0 = Release|Any CPU
		{C2342C59-78E0-4C14-A3CB-F7AE4AEAD9B3}.Debug|Any CPU.ActiveCfg = Debug|Any CPU
		{C2342C59-78E0-4C14-A3CB-F7AE4AEAD9B3}.Debug|Any CPU.Build.0 = Debug|Any CPU
		{C2342C59-78E0-4C14-A3CB-F7AE4AEAD9B3}.Release|Any CPU.ActiveCfg = Release|Any CPU
		{C2342C59-78E0-4C14-A3CB-F7AE4AEAD9B3}.Release|Any CPU.Build.0 = Release|Any CPU
		{D0CD3A68-7D33-4670-96F2-3230F4A52114}.Debug|Any CPU.ActiveCfg = Debug|Any CPU
		{D0CD3A68-7D33-4670-96F2-3230F4A52114}.Debug|Any CPU.Build.0 = Debug|Any CPU
		{D0CD3A68-7D33-4670-96F2-3230F4A52114}.Release|Any CPU.ActiveCfg = Release|Any CPU
		{D0CD3A68-7D33-4670-96F2-3230F4A52114}.Release|Any CPU.Build.0 = Release|Any CPU
		{550F178D-2E99-4FAB-90B7-CE770CEF4844}.Debug|Any CPU.ActiveCfg = Debug|Any CPU
		{550F178D-2E99-4FAB-90B7-CE770CEF4844}.Debug|Any CPU.Build.0 = Debug|Any CPU
		{550F178D-2E99-4FAB-90B7-CE770CEF4844}.Release|Any CPU.ActiveCfg = Release|Any CPU
		{550F178D-2E99-4FAB-90B7-CE770CEF4844}.Release|Any CPU.Build.0 = Release|Any CPU
		{86E1A594-07A6-4224-8ABE-A599400C60D5}.Debug|Any CPU.ActiveCfg = Debug|Any CPU
		{86E1A594-07A6-4224-8ABE-A599400C60D5}.Debug|Any CPU.Build.0 = Debug|Any CPU
		{86E1A594-07A6-4224-8ABE-A599400C60D5}.Release|Any CPU.ActiveCfg = Release|Any CPU
		{86E1A594-07A6-4224-8ABE-A599400C60D5}.Release|Any CPU.Build.0 = Release|Any CPU
	EndGlobalSection
	GlobalSection(SolutionProperties) = preSolution
		HideSolutionNode = FALSE
	EndGlobalSection
	GlobalSection(NestedProjects) = preSolution
		{FECF3507-458A-4A00-A5FB-5304883741AE} = {7B699C19-EDE0-4D71-9084-47126A656CC0}
		{C2342C59-78E0-4C14-A3CB-F7AE4AEAD9B3} = {485A948F-8CBA-44D9-BFC9-9E43A0834D16}
		{D0CD3A68-7D33-4670-96F2-3230F4A52114} = {485A948F-8CBA-44D9-BFC9-9E43A0834D16}
		{550F178D-2E99-4FAB-90B7-CE770CEF4844} = {485A948F-8CBA-44D9-BFC9-9E43A0834D16}
		{485A948F-8CBA-44D9-BFC9-9E43A0834D16} = {2EC9C9EA-3152-4547-83D0-7DC03AB34452}
		{7B699C19-EDE0-4D71-9084-47126A656CC0} = {2EC9C9EA-3152-4547-83D0-7DC03AB34452}
		{86E1A594-07A6-4224-8ABE-A599400C60D5} = {7B699C19-EDE0-4D71-9084-47126A656CC0}
	EndGlobalSection
	GlobalSection(ExtensibilityGlobals) = postSolution
		SolutionGuid = {885364FC-44E6-42C9-94F6-97DB460A4A61}
	EndGlobalSection
EndGlobal
